
Microsoft Visual Studio Solution File, Format Version 12.00
# Visual Studio Version 16
VisualStudioVersion = 16.0.31321.278
MinimumVisualStudioVersion = 10.0.40219.1
Project("{FAE04EC0-301F-11D3-BF4B-00C04F79EFBC}") = "FileManager", "FileManager.csproj", "{030A08F0-DDB6-40B9-8CB5-89B55B35784C}"
EndProject
Global
	GlobalSection(SolutionConfigurationPlatforms) = preSolution
		Debug|Any CPU = Debug|Any CPU
		Release|Any CPU = Release|Any CPU
	EndGlobalSection
	GlobalSection(ProjectConfigurationPlatforms) = postSolution
		{030A08F0-DDB6-40B9-8CB5-89B55B35784C}.Debug|Any CPU.ActiveCfg = Debug|Any CPU
		{030A08F0-DDB6-40B9-8CB5-89B55B35784C}.Debug|Any CPU.Build.0 = Debug|Any CPU
		{030A08F0-DDB6-40B9-8CB5-89B55B35784C}.Release|Any CPU.ActiveCfg = Release|Any CPU
		{030A08F0-DDB6-40B9-8CB5-89B55B35784C}.Release|Any CPU.Build.0 = Release|Any CPU
	EndGlobalSection
	GlobalSection(SolutionProperties) = preSolution
		HideSolutionNode = FALSE
	EndGlobalSection
	GlobalSection(ExtensibilityGlobals) = postSolution
		SolutionGuid = {D62FCFFA-661D-407D-958B-C9AA33D43B67}
	EndGlobalSection
EndGlobal
